
Microsoft Visual Studio Solution File, Format Version 12.00
# Visual Studio 15
VisualStudioVersion = 15.0.28307.489
MinimumVisualStudioVersion = 10.0.40219.1
Project("{8BC9CEB8-8B4A-11D0-8D11-00A0C91BC942}") = "采药", "采药.vcxproj", "{16FF9578-2AF5-4C86-9FD4-9CBEFB649321}"
EndProject
Global
	GlobalSection(SolutionConfigurationPlatforms) = preSolution
		Debug|x64 = Debug|x64
		Debug|x86 = Debug|x86
		Release|x64 = Release|x64
		Release|x86 = Release|x86
	EndGlobalSection
	GlobalSection(ProjectConfigurationPlatforms) = postSolution
		{16FF9578-2AF5-4C86-9FD4-9CBEFB649321}.Debug|x64.ActiveCfg = Debug|x64
		{16FF9578-2AF5-4C86-9FD4-9CBEFB649321}.Debug|x64.Build.0 = Debug|x64
		{16FF9578-2AF5-4C86-9FD4-9CBEFB649321}.Debug|x86.ActiveCfg = Debug|Win32
		{16FF9578-2AF5-4C86-9FD4-9CBEFB649321}.Debug|x86.Build.0 = Debug|Win32
		{16FF9578-2AF5-4C86-9FD4-9CBEFB649321}.Release|x64.ActiveCfg = Release|x64
		{16FF9578-2AF5-4C86-9FD4-9CBEFB649321}.Release|x64.Build.0 = Release|x64
		{16FF9578-2AF5-4C86-9FD4-9CBEFB649321}.Release|x86.ActiveCfg = Release|Win32
		{16FF9578-2AF5-4C86-9FD4-9CBEFB649321}.Release|x86.Build.0 = Release|Win32
	EndGlobalSection
	GlobalSection(SolutionProperties) = preSolution
		HideSolutionNode = FALSE
	EndGlobalSection
	GlobalSection(ExtensibilityGlobals) = postSolution
		SolutionGuid = {61E2A7BD-E591-4E51-B6AA-B0FDACDB2FED}
	EndGlobalSection
EndGlobal
