
Microsoft Visual Studio Solution File, Format Version 12.00
# Visual Studio 15
VisualStudioVersion = 15.0.28307.489
MinimumVisualStudioVersion = 10.0.40219.1
Project("{8BC9CEB8-8B4A-11D0-8D11-00A0C91BC942}") = "统计方案", "统计方案.vcxproj", "{24389548-3159-45DE-990F-CF16067795C2}"
EndProject
Global
	GlobalSection(SolutionConfigurationPlatforms) = preSolution
		Debug|x64 = Debug|x64
		Debug|x86 = Debug|x86
		Release|x64 = Release|x64
		Release|x86 = Release|x86
	EndGlobalSection
	GlobalSection(ProjectConfigurationPlatforms) = postSolution
		{24389548-3159-45DE-990F-CF16067795C2}.Debug|x64.ActiveCfg = Debug|x64
		{24389548-3159-45DE-990F-CF16067795C2}.Debug|x64.Build.0 = Debug|x64
		{24389548-3159-45DE-990F-CF16067795C2}.Debug|x86.ActiveCfg = Debug|Win32
		{24389548-3159-45DE-990F-CF16067795C2}.Debug|x86.Build.0 = Debug|Win32
		{24389548-3159-45DE-990F-CF16067795C2}.Release|x64.ActiveCfg = Release|x64
		{24389548-3159-45DE-990F-CF16067795C2}.Release|x64.Build.0 = Release|x64
		{24389548-3159-45DE-990F-CF16067795C2}.Release|x86.ActiveCfg = Release|Win32
		{24389548-3159-45DE-990F-CF16067795C2}.Release|x86.Build.0 = Release|Win32
	EndGlobalSection
	GlobalSection(SolutionProperties) = preSolution
		HideSolutionNode = FALSE
	EndGlobalSection
	GlobalSection(ExtensibilityGlobals) = postSolution
		SolutionGuid = {5835A99C-6705-4BF0-B0EE-987EB95C5A19}
	EndGlobalSection
EndGlobal
